// !$*UTF8*$!
{
	archiveVersion = 1;
	classes = {
	};
	objectVersion = 55;
	objects = {

/* Begin PBXBuildFile section */
		765728512816A64F002CA6AE /* HabitCollectionViewCell.swift in Sources */ = {isa = PBXBuildFile; fileRef = 765728502816A64E002CA6AE /* HabitCollectionViewCell.swift */; };
		765728532816A869002CA6AE /* ProgressCollectionViewCell.swift in Sources */ = {isa = PBXBuildFile; fileRef = 765728522816A869002CA6AE /* ProgressCollectionViewCell.swift */; };
		766CE46B281165E900EB0176 /* AppDelegate.swift in Sources */ = {isa = PBXBuildFile; fileRef = 766CE46A281165E900EB0176 /* AppDelegate.swift */; };
		766CE46D281165E900EB0176 /* SceneDelegate.swift in Sources */ = {isa = PBXBuildFile; fileRef = 766CE46C281165E900EB0176 /* SceneDelegate.swift */; };
		766CE474281165ED00EB0176 /* Assets.xcassets in Resources */ = {isa = PBXBuildFile; fileRef = 766CE473281165ED00EB0176 /* Assets.xcassets */; };
		766CE47F2811667600EB0176 /* Habit.swift in Sources */ = {isa = PBXBuildFile; fileRef = 766CE47E2811667600EB0176 /* Habit.swift */; };
		766CE481281166BC00EB0176 /* HabitsStore.swift in Sources */ = {isa = PBXBuildFile; fileRef = 766CE480281166BC00EB0176 /* HabitsStore.swift */; };
		766CE483281166FB00EB0176 /* Date+Extension.swift in Sources */ = {isa = PBXBuildFile; fileRef = 766CE482281166FB00EB0176 /* Date+Extension.swift */; };
		766CE4AC28118F3E00EB0176 /* Launch Screen.storyboard in Resources */ = {isa = PBXBuildFile; fileRef = 766CE4AB28118F3E00EB0176 /* Launch Screen.storyboard */; };
		766CE4AE2811941600EB0176 /* HabitsViewController.swift in Sources */ = {isa = PBXBuildFile; fileRef = 766CE4AD2811941600EB0176 /* HabitsViewController.swift */; };
		766CE4B02811949400EB0176 /* InfoViewController.swift in Sources */ = {isa = PBXBuildFile; fileRef = 766CE4AF2811949400EB0176 /* InfoViewController.swift */; };
		766CE4B12812C7D900EB0176 /* SF-Pro-Text-Regular.otf in Resources */ = {isa = PBXBuildFile; fileRef = 766CE4AA28118CD500EB0176 /* SF-Pro-Text-Regular.otf */; };
		766CE4B22812C7DC00EB0176 /* SF-Pro-Text-Semibold.otf in Resources */ = {isa = PBXBuildFile; fileRef = 766CE4A928118CD300EB0176 /* SF-Pro-Text-Semibold.otf */; };
		766CE4B32812C7DE00EB0176 /* SF-Pro-Display-Semibold.otf in Resources */ = {isa = PBXBuildFile; fileRef = 766CE4A828118CCB00EB0176 /* SF-Pro-Display-Semibold.otf */; };
		766CE4B52813EEE800EB0176 /* HabitViewController.swift in Sources */ = {isa = PBXBuildFile; fileRef = 766CE4B42813EEE800EB0176 /* HabitViewController.swift */; };
/* End PBXBuildFile section */

/* Begin PBXFileReference section */
		765728502816A64E002CA6AE /* HabitCollectionViewCell.swift */ = {isa = PBXFileReference; lastKnownFileType = sourcecode.swift; path = HabitCollectionViewCell.swift; sourceTree = "<group>"; };
		765728522816A869002CA6AE /* ProgressCollectionViewCell.swift */ = {isa = PBXFileReference; lastKnownFileType = sourcecode.swift; path = ProgressCollectionViewCell.swift; sourceTree = "<group>"; };
		766CE467281165E900EB0176 /* MyHabits.app */ = {isa = PBXFileReference; explicitFileType = wrapper.application; includeInIndex = 0; path = MyHabits.app; sourceTree = BUILT_PRODUCTS_DIR; };
		766CE46A281165E900EB0176 /* AppDelegate.swift */ = {isa = PBXFileReference; lastKnownFileType = sourcecode.swift; path = AppDelegate.swift; sourceTree = "<group>"; };
		766CE46C281165E900EB0176 /* SceneDelegate.swift */ = {isa = PBXFileReference; lastKnownFileType = sourcecode.swift; path = SceneDelegate.swift; sourceTree = "<group>"; };
		766CE473281165ED00EB0176 /* Assets.xcassets */ = {isa = PBXFileReference; lastKnownFileType = folder.assetcatalog; path = Assets.xcassets; sourceTree = "<group>"; };
		766CE478281165ED00EB0176 /* Info.plist */ = {isa = PBXFileReference; lastKnownFileType = text.plist.xml; path = Info.plist; sourceTree = "<group>"; };
		766CE47E2811667600EB0176 /* Habit.swift */ = {isa = PBXFileReference; lastKnownFileType = sourcecode.swift; path = Habit.swift; sourceTree = "<group>"; };
		766CE480281166BC00EB0176 /* HabitsStore.swift */ = {isa = PBXFileReference; lastKnownFileType = sourcecode.swift; path = HabitsStore.swift; sourceTree = "<group>"; };
		766CE482281166FB00EB0176 /* Date+Extension.swift */ = {isa = PBXFileReference; lastKnownFileType = sourcecode.swift; path = "Date+Extension.swift"; sourceTree = "<group>"; };
		766CE4A828118CCB00EB0176 /* SF-Pro-Display-Semibold.otf */ = {isa = PBXFileReference; lastKnownFileType = file; path = "SF-Pro-Display-Semibold.otf"; sourceTree = "<group>"; };
		766CE4A928118CD300EB0176 /* SF-Pro-Text-Semibold.otf */ = {isa = PBXFileReference; lastKnownFileType = file; path = "SF-Pro-Text-Semibold.otf"; sourceTree = "<group>"; };
		766CE4AA28118CD500EB0176 /* SF-Pro-Text-Regular.otf */ = {isa = PBXFileReference; lastKnownFileType = file; path = "SF-Pro-Text-Regular.otf"; sourceTree = "<group>"; };
		766CE4AB28118F3E00EB0176 /* Launch Screen.storyboard */ = {isa = PBXFileReference; lastKnownFileType = file.storyboard; path = "Launch Screen.storyboard"; sourceTree = "<group>"; };
		766CE4AD2811941600EB0176 /* HabitsViewController.swift */ = {isa = PBXFileReference; lastKnownFileType = sourcecode.swift; path = HabitsViewController.swift; sourceTree = "<group>"; };
		766CE4AF2811949400EB0176 /* InfoViewController.swift */ = {isa = PBXFileReference; lastKnownFileType = sourcecode.swift; path = InfoViewController.swift; sourceTree = "<group>"; };
		766CE4B42813EEE800EB0176 /* HabitViewController.swift */ = {isa = PBXFileReference; lastKnownFileType = sourcecode.swift; path = HabitViewController.swift; sourceTree = "<group>"; };
/* End PBXFileReference section */

/* Begin PBXFrameworksBuildPhase section */
		766CE464281165E900EB0176 /* Frameworks */ = {
			isa = PBXFrameworksBuildPhase;
			buildActionMask = 2147483647;
			files = (
			);
			runOnlyForDeploymentPostprocessing = 0;
		};
/* End PBXFrameworksBuildPhase section */

/* Begin PBXGroup section */
		766CE45E281165E900EB0176 = {
			isa = PBXGroup;
			children = (
				766CE469281165E900EB0176 /* MyHabits */,
				766CE468281165E900EB0176 /* Products */,
			);
			sourceTree = "<group>";
		};
		766CE468281165E900EB0176 /* Products */ = {
			isa = PBXGroup;
			children = (
				766CE467281165E900EB0176 /* MyHabits.app */,
			);
			name = Products;
			sourceTree = "<group>";
		};
		766CE469281165E900EB0176 /* MyHabits */ = {
			isa = PBXGroup;
			children = (
				766CE46A281165E900EB0176 /* AppDelegate.swift */,
				766CE46C281165E900EB0176 /* SceneDelegate.swift */,
				766CE47E2811667600EB0176 /* Habit.swift */,
				766CE4AF2811949400EB0176 /* InfoViewController.swift */,
				766CE4AD2811941600EB0176 /* HabitsViewController.swift */,
				765728522816A869002CA6AE /* ProgressCollectionViewCell.swift */,
				765728502816A64E002CA6AE /* HabitCollectionViewCell.swift */,
				766CE4B42813EEE800EB0176 /* HabitViewController.swift */,
				766CE480281166BC00EB0176 /* HabitsStore.swift */,
				766CE482281166FB00EB0176 /* Date+Extension.swift */,
				766CE473281165ED00EB0176 /* Assets.xcassets */,
				766CE4A728118CBE00EB0176 /* Fonts */,
				766CE4AB28118F3E00EB0176 /* Launch Screen.storyboard */,
				766CE478281165ED00EB0176 /* Info.plist */,
			);
			path = MyHabits;
			sourceTree = "<group>";
		};
		766CE4A728118CBE00EB0176 /* Fonts */ = {
			isa = PBXGroup;
			children = (
				766CE4A828118CCB00EB0176 /* SF-Pro-Display-Semibold.otf */,
				766CE4A928118CD300EB0176 /* SF-Pro-Text-Semibold.otf */,
				766CE4AA28118CD500EB0176 /* SF-Pro-Text-Regular.otf */,
			);
			name = Fonts;
			sourceTree = "<group>";
		};
/* End PBXGroup section */

/* Begin PBXNativeTarget section */
		766CE466281165E900EB0176 /* MyHabits */ = {
			isa = PBXNativeTarget;
			buildConfigurationList = 766CE47B281165ED00EB0176 /* Build configuration list for PBXNativeTarget "MyHabits" */;
			buildPhases = (
				766CE463281165E900EB0176 /* Sources */,
				766CE464281165E900EB0176 /* Frameworks */,
				766CE465281165E900EB0176 /* Resources */,
			);
			buildRules = (
			);
			dependencies = (
			);
			name = MyHabits;
			productName = MyHabits;
			productReference = 766CE467281165E900EB0176 /* MyHabits.app */;
			productType = "com.apple.product-type.application";
		};
/* End PBXNativeTarget section */

/* Begin PBXProject section */
		766CE45F281165E900EB0176 /* Project object */ = {
			isa = PBXProject;
			attributes = {
				BuildIndependentTargetsInParallel = 1;
				LastSwiftUpdateCheck = 1330;
				LastUpgradeCheck = 1330;
				TargetAttributes = {
					766CE466281165E900EB0176 = {
						CreatedOnToolsVersion = 13.3.1;
					};
				};
			};
			buildConfigurationList = 766CE462281165E900EB0176 /* Build configuration list for PBXProject "MyHabits" */;
			compatibilityVersion = "Xcode 13.0";
			developmentRegion = en;
			hasScannedForEncodings = 0;
			knownRegions = (
				en,
				Base,
			);
			mainGroup = 766CE45E281165E900EB0176;
			productRefGroup = 766CE468281165E900EB0176 /* Products */;
			projectDirPath = "";
			projectRoot = "";
			targets = (
				766CE466281165E900EB0176 /* MyHabits */,
			);
		};
/* End PBXProject section */

/* Begin PBXResourcesBuildPhase section */
		766CE465281165E900EB0176 /* Resources */ = {
			isa = PBXResourcesBuildPhase;
			buildActionMask = 2147483647;
			files = (
				766CE4B22812C7DC00EB0176 /* SF-Pro-Text-Semibold.otf in Resources */,
				766CE4B12812C7D900EB0176 /* SF-Pro-Text-Regular.otf in Resources */,
				766CE4B32812C7DE00EB0176 /* SF-Pro-Display-Semibold.otf in Resources */,
				766CE4AC28118F3E00EB0176 /* Launch Screen.storyboard in Resources */,
				766CE474281165ED00EB0176 /* Assets.xcassets in Resources */,
			);
			runOnlyForDeploymentPostprocessing = 0;
		};
/* End PBXResourcesBuildPhase section */

/* Begin PBXSourcesBuildPhase section */
		766CE463281165E900EB0176 /* Sources */ = {
			isa = PBXSourcesBuildPhase;
			buildActionMask = 2147483647;
			files = (
				766CE483281166FB00EB0176 /* Date+Extension.swift in Sources */,
				766CE4AE2811941600EB0176 /* HabitsViewController.swift in Sources */,
				765728512816A64F002CA6AE /* HabitCollectionViewCell.swift in Sources */,
				766CE481281166BC00EB0176 /* HabitsStore.swift in Sources */,
				766CE4B52813EEE800EB0176 /* HabitViewController.swift in Sources */,
				766CE4B02811949400EB0176 /* InfoViewController.swift in Sources */,
				765728532816A869002CA6AE /* ProgressCollectionViewCell.swift in Sources */,
				766CE47F2811667600EB0176 /* Habit.swift in Sources */,
				766CE46B281165E900EB0176 /* AppDelegate.swift in Sources */,
				766CE46D281165E900EB0176 /* SceneDelegate.swift in Sources */,
			);
			runOnlyForDeploymentPostprocessing = 0;
		};
/* End PBXSourcesBuildPhase section */

/* Begin XCBuildConfiguration section */
		766CE479281165ED00EB0176 /* Debug */ = {
			isa = XCBuildConfiguration;
			buildSettings = {
				ALWAYS_SEARCH_USER_PATHS = NO;
				CLANG_ANALYZER_NONNULL = YES;
				CLANG_ANALYZER_NUMBER_OBJECT_CONVERSION = YES_AGGRESSIVE;
				CLANG_CXX_LANGUAGE_STANDARD = "gnu++17";
				CLANG_ENABLE_MODULES = YES;
				CLANG_ENABLE_OBJC_ARC = YES;
				CLANG_ENABLE_OBJC_WEAK = YES;
				CLANG_WARN_BLOCK_CAPTURE_AUTORELEASING = YES;
				CLANG_WARN_BOOL_CONVERSION = YES;
				CLANG_WARN_COMMA = YES;
				CLANG_WARN_CONSTANT_CONVERSION = YES;
				CLANG_WARN_DEPRECATED_OBJC_IMPLEMENTATIONS = YES;
				CLANG_WARN_DIRECT_OBJC_ISA_USAGE = YES_ERROR;
				CLANG_WARN_DOCUMENTATION_COMMENTS = YES;
				CLANG_WARN_EMPTY_BODY = YES;
				CLANG_WARN_ENUM_CONVERSION = YES;
				CLANG_WARN_INFINITE_RECURSION = YES;
				CLANG_WARN_INT_CONVERSION = YES;
				CLANG_WARN_NON_LITERAL_NULL_CONVERSION = YES;
				CLANG_WARN_OBJC_IMPLICIT_RETAIN_SELF = YES;
				CLANG_WARN_OBJC_LITERAL_CONVERSION = YES;
				CLANG_WARN_OBJC_ROOT_CLASS = YES_ERROR;
				CLANG_WARN_QUOTED_INCLUDE_IN_FRAMEWORK_HEADER = YES;
				CLANG_WARN_RANGE_LOOP_ANALYSIS = YES;
				CLANG_WARN_STRICT_PROTOTYPES = YES;
				CLANG_WARN_SUSPICIOUS_MOVE = YES;
				CLANG_WARN_UNGUARDED_AVAILABILITY = YES_AGGRESSIVE;
				CLANG_WARN_UNREACHABLE_CODE = YES;
				CLANG_WARN__DUPLICATE_METHOD_MATCH = YES;
				COPY_PHASE_STRIP = NO;
				DEBUG_INFORMATION_FORMAT = dwarf;
				ENABLE_STRICT_OBJC_MSGSEND = YES;
				ENABLE_TESTABILITY = YES;
				GCC_C_LANGUAGE_STANDARD = gnu11;
				GCC_DYNAMIC_NO_PIC = NO;
				GCC_NO_COMMON_BLOCKS = YES;
				GCC_OPTIMIZATION_LEVEL = 0;
				GCC_PREPROCESSOR_DEFINITIONS = (
					"DEBUG=1",
					"$(inherited)",
				);
				GCC_WARN_64_TO_32_BIT_CONVERSION = YES;
				GCC_WARN_ABOUT_RETURN_TYPE = YES_ERROR;
				GCC_WARN_UNDECLARED_SELECTOR = YES;
				GCC_WARN_UNINITIALIZED_AUTOS = YES_AGGRESSIVE;
				GCC_WARN_UNUSED_FUNCTION = YES;
				GCC_WARN_UNUSED_VARIABLE = YES;
				IPHONEOS_DEPLOYMENT_TARGET = 15.4;
				MTL_ENABLE_DEBUG_INFO = INCLUDE_SOURCE;
				MTL_FAST_MATH = YES;
				ONLY_ACTIVE_ARCH = YES;
				SDKROOT = iphoneos;
				SWIFT_ACTIVE_COMPILATION_CONDITIONS = DEBUG;
				SWIFT_OPTIMIZATION_LEVEL = "-Onone";
			};
			name = Debug;
		};
		766CE47A281165ED00EB0176 /* Release */ = {
			isa = XCBuildConfiguration;
			buildSettings = {
				ALWAYS_SEARCH_USER_PATHS = NO;
				CLANG_ANALYZER_NONNULL = YES;
				CLANG_ANALYZER_NUMBER_OBJECT_CONVERSION = YES_AGGRESSIVE;
				CLANG_CXX_LANGUAGE_STANDARD = "gnu++17";
				CLANG_ENABLE_MODULES = YES;
				CLANG_ENABLE_OBJC_ARC = YES;
				CLANG_ENABLE_OBJC_WEAK = YES;
				CLANG_WARN_BLOCK_CAPTURE_AUTORELEASING = YES;
				CLANG_WARN_BOOL_CONVERSION = YES;
				CLANG_WARN_COMMA = YES;
				CLANG_WARN_CONSTANT_CONVERSION = YES;
				CLANG_WARN_DEPRECATED_OBJC_IMPLEMENTATIONS = YES;
				CLANG_WARN_DIRECT_OBJC_ISA_USAGE = YES_ERROR;
				CLANG_WARN_DOCUMENTATION_COMMENTS = YES;
				CLANG_WARN_EMPTY_BODY = YES;
				CLANG_WARN_ENUM_CONVERSION = YES;
				CLANG_WARN_INFINITE_RECURSION = YES;
				CLANG_WARN_INT_CONVERSION = YES;
				CLANG_WARN_NON_LITERAL_NULL_CONVERSION = YES;
				CLANG_WARN_OBJC_IMPLICIT_RETAIN_SELF = YES;
				CLANG_WARN_OBJC_LITERAL_CONVERSION = YES;
				CLANG_WARN_OBJC_ROOT_CLASS = YES_ERROR;
				CLANG_WARN_QUOTED_INCLUDE_IN_FRAMEWORK_HEADER = YES;
				CLANG_WARN_RANGE_LOOP_ANALYSIS = YES;
				CLANG_WARN_STRICT_PROTOTYPES = YES;
				CLANG_WARN_SUSPICIOUS_MOVE = YES;
				CLANG_WARN_UNGUARDED_AVAILABILITY = YES_AGGRESSIVE;
				CLANG_WARN_UNREACHABLE_CODE = YES;
				CLANG_WARN__DUPLICATE_METHOD_MATCH = YES;
				COPY_PHASE_STRIP = NO;
				DEBUG_INFORMATION_FORMAT = "dwarf-with-dsym";
				ENABLE_NS_ASSERTIONS = NO;
				ENABLE_STRICT_OBJC_MSGSEND = YES;
				GCC_C_LANGUAGE_STANDARD = gnu11;
				GCC_NO_COMMON_BLOCKS = YES;
				GCC_WARN_64_TO_32_BIT_CONVERSION = YES;
				GCC_WARN_ABOUT_RETURN_TYPE = YES_ERROR;
				GCC_WARN_UNDECLARED_SELECTOR = YES;
				GCC_WARN_UNINITIALIZED_AUTOS = YES_AGGRESSIVE;
				GCC_WARN_UNUSED_FUNCTION = YES;
				GCC_WARN_UNUSED_VARIABLE = YES;
				IPHONEOS_DEPLOYMENT_TARGET = 15.4;
				MTL_ENABLE_DEBUG_INFO = NO;
				MTL_FAST_MATH = YES;
				SDKROOT = iphoneos;
				SWIFT_COMPILATION_MODE = wholemodule;
				SWIFT_OPTIMIZATION_LEVEL = "-O";
				VALIDATE_PRODUCT = YES;
			};
			name = Release;
		};
		766CE47C281165ED00EB0176 /* Debug */ = {
			isa = XCBuildConfiguration;
			buildSettings = {
				ASSETCATALOG_COMPILER_APPICON_NAME = AppIcon;
				ASSETCATALOG_COMPILER_GLOBAL_ACCENT_COLOR_NAME = AccentColor;
				CODE_SIGN_STYLE = Automatic;
				CURRENT_PROJECT_VERSION = 1;
				DEVELOPMENT_TEAM = VD9W7NWT69;
				GENERATE_INFOPLIST_FILE = YES;
				INFOPLIST_FILE = MyHabits/Info.plist;
				INFOPLIST_KEY_UIApplicationSupportsIndirectInputEvents = YES;
				INFOPLIST_KEY_UILaunchStoryboardName = LaunchScreen;
				INFOPLIST_KEY_UISupportedInterfaceOrientations_iPad = "UIInterfaceOrientationPortrait UIInterfaceOrientationPortraitUpsideDown UIInterfaceOrientationLandscapeLeft UIInterfaceOrientationLandscapeRight";
				INFOPLIST_KEY_UISupportedInterfaceOrientations_iPhone = "UIInterfaceOrientationPortrait UIInterfaceOrientationLandscapeLeft UIInterfaceOrientationLandscapeRight";
				LD_RUNPATH_SEARCH_PATHS = (
					"$(inherited)",
					"@executable_path/Frameworks",
				);
				MARKETING_VERSION = 1.0;
				PRODUCT_BUNDLE_IDENTIFIER = UkrainskayaO.MyHabits;
				PRODUCT_NAME = "$(TARGET_NAME)";
				SWIFT_EMIT_LOC_STRINGS = YES;
				SWIFT_VERSION = 5.0;
				TARGETED_DEVICE_FAMILY = "1,2";
			};
			name = Debug;
		};
		766CE47D281165ED00EB0176 /* Release */ = {
			isa = XCBuildConfiguration;
			buildSettings = {
				ASSETCATALOG_COMPILER_APPICON_NAME = AppIcon;
				ASSETCATALOG_COMPILER_GLOBAL_ACCENT_COLOR_NAME = AccentColor;
				CODE_SIGN_STYLE = Automatic;
				CURRENT_PROJECT_VERSION = 1;
				DEVELOPMENT_TEAM = VD9W7NWT69;
				GENERATE_INFOPLIST_FILE = YES;
				INFOPLIST_FILE = MyHabits/Info.plist;
				INFOPLIST_KEY_UIApplicationSupportsIndirectInputEvents = YES;
				INFOPLIST_KEY_UILaunchStoryboardName = LaunchScreen;
				INFOPLIST_KEY_UISupportedInterfaceOrientations_iPad = "UIInterfaceOrientationPortrait UIInterfaceOrientationPortraitUpsideDown UIInterfaceOrientationLandscapeLeft UIInterfaceOrientationLandscapeRight";
				INFOPLIST_KEY_UISupportedInterfaceOrientations_iPhone = "UIInterfaceOrientationPortrait UIInterfaceOrientationLandscapeLeft UIInterfaceOrientationLandscapeRight";
				LD_RUNPATH_SEARCH_PATHS = (
					"$(inherited)",
					"@executable_path/Frameworks",
				);
				MARKETING_VERSION = 1.0;
				PRODUCT_BUNDLE_IDENTIFIER = UkrainskayaO.MyHabits;
				PRODUCT_NAME = "$(TARGET_NAME)";
				SWIFT_EMIT_LOC_STRINGS = YES;
				SWIFT_VERSION = 5.0;
				TARGETED_DEVICE_FAMILY = "1,2";
			};
			name = Release;
		};
/* End XCBuildConfiguration section */

/* Begin XCConfigurationList section */
		766CE462281165E900EB0176 /* Build configuration list for PBXProject "MyHabits" */ = {
			isa = XCConfigurationList;
			buildConfigurations = (
				766CE479281165ED00EB0176 /* Debug */,
				766CE47A281165ED00EB0176 /* Release */,
			);
			defaultConfigurationIsVisible = 0;
			defaultConfigurationName = Release;
		};
		766CE47B281165ED00EB0176 /* Build configuration list for PBXNativeTarget "MyHabits" */ = {
			isa = XCConfigurationList;
			buildConfigurations = (
				766CE47C281165ED00EB0176 /* Debug */,
				766CE47D281165ED00EB0176 /* Release */,
			);
			defaultConfigurationIsVisible = 0;
			defaultConfigurationName = Release;
		};
/* End XCConfigurationList section */
	};
	rootObject = 766CE45F281165E900EB0176 /* Project object */;
}
